PODS:
  - cyberpayflutter (0.0.1):
    - cyberpaysdk (~> 1.0.0)
    - Flutter
  - cyberpaysdk (1.0.0):
    - FittedSheets (~> 1.4.6)
    - MaterialComponents/BottomSheet (~> 94.4.0)
    - RxCocoa (~> 5.1.1)
    - RxSwift (~> 5.1.1)
  - FittedSheets (1.4.6)
  - Flutter (1.0.0)
  - MaterialComponents/BottomSheet (94.4.0):
    - MaterialComponents/Elevation
    - MaterialComponents/private/KeyboardWatcher
    - MaterialComponents/private/Math
    - MaterialComponents/ShadowElevations
    - MaterialComponents/ShadowLayer
    - MaterialComponents/ShapeLibrary
    - MaterialComponents/Shapes
  - MaterialComponents/Elevation (94.4.0):
    - MaterialComponents/private/Color
    - MaterialComponents/private/Math
  - MaterialComponents/private/Application (94.4.0)
  - MaterialComponents/private/Color (94.4.0)
  - MaterialComponents/private/KeyboardWatcher (94.4.0):
    - MaterialComponents/private/Application
  - MaterialComponents/private/Math (94.4.0)
  - MaterialComponents/ShadowElevations (94.4.0)
  - MaterialComponents/ShadowLayer (94.4.0):
    - MaterialComponents/ShadowElevations
  - MaterialComponents/ShapeLibrary (94.4.0):
    - MaterialComponents/private/Math
    - MaterialComponents/Shapes
  - MaterialComponents/Shapes (94.4.0):
    - MaterialComponents/private/Color
    - MaterialComponents/private/Math
    - MaterialComponents/ShadowLayer
  - RxCocoa (5.1.1):
    - RxRelay (~> 5)
    - RxSwift (~> 5)
  - RxRelay (5.1.1):
    - RxSwift (~> 5)
  - RxSwift (5.1.1)

DEPENDENCIES:
  - cyberpayflutter (from `.symlinks/plugins/cyberpayflutter/ios`)
  - Flutter (from `Flutter`)

SPEC REPOS:
  trunk:
    - cyberpaysdk
    - FittedSheets
    - MaterialComponents
    - RxCocoa
    - RxRelay
    - RxSwift

EXTERNAL SOURCES:
  cyberpayflutter:
    :path: ".symlinks/plugins/cyberpayflutter/ios"
  Flutter:
    :path: Flutter

SPEC CHECKSUMS:
  cyberpayflutter: a9833d76950268fb814c6549498b3c68b5d78441
  cyberpaysdk: 0d1e6246f4c542e888c91c09bd41adc5c2d0c25b
  FittedSheets: 7f37fee2567d15dcde391f31eccbffb660ddebf0
  Flutter: 434fef37c0980e73bb6479ef766c45957d4b510c
  MaterialComponents: 3ee5327e02dc3f34df48c68205b5fd7dce171744
  RxCocoa: 32065309a38d29b5b0db858819b5bf9ef038b601
  RxRelay: d77f7d771495f43c556cbc43eebd1bb54d01e8e9
  RxSwift: 81470a2074fa8780320ea5fe4102807cb7118178

PODFILE CHECKSUM: aafe91acc616949ddb318b77800a7f51bffa2a4c

COCOAPODS: 1.10.1
